PODS:
  - Realm (3.21.0):
    - Realm/Headers (= 3.21.0)
  - Realm/Headers (3.21.0)
  - RealmSwift (3.21.0):
    - Realm (= 3.21.0)

DEPENDENCIES:
  - RealmSwift

SPEC REPOS:
  trunk:
    - Realm
    - RealmSwift

SPEC CHECKSUMS:
  Realm: 38e9dcb19104b58407167d99f70d4995f7c16023
  RealmSwift: 3183cc1ad48378fbcd634311b22c0e6c44021152

PODFILE CHECKSUM: 4ffc7e9286d5c4554bc8d612554af8525dbe4dbd

COCOAPODS: 1.8.4
