// !$*UTF8*$!
{
	archiveVersion = 1;
	classes = {
	};
	objectVersion = 51;
	objects = {

/* Begin PBXBuildFile section */
		1A5A3DB864E35210E0D7D4C3 /* Pods_HundredPushUps.framework in Frameworks */ = {isa = PBXBuildFile; fileRef = 87455CE3BD991BED7564897C /* Pods_HundredPushUps.framework */; };
		97579E8D23867F7A00470CF7 /* TodayViewController.swift in Sources */ = {isa = PBXBuildFile; fileRef = 97579E8C23867F7A00470CF7 /* TodayViewController.swift */; };
		97579E8F23867FC300470CF7 /* HistoryViewController.swift in Sources */ = {isa = PBXBuildFile; fileRef = 97579E8E23867FC300470CF7 /* HistoryViewController.swift */; };
		97579E9123867FF400470CF7 /* InstructionsViewController.swift in Sources */ = {isa = PBXBuildFile; fileRef = 97579E9023867FF400470CF7 /* InstructionsViewController.swift */; };
		975A6D142387D61B0078AFCD /* ProgressService.swift in Sources */ = {isa = PBXBuildFile; fileRef = 975A6D132387D61B0078AFCD /* ProgressService.swift */; };
		975A6D162387D6820078AFCD /* ServiceLocator.swift in Sources */ = {isa = PBXBuildFile; fileRef = 975A6D152387D6820078AFCD /* ServiceLocator.swift */; };
		975A6D182387DDE60078AFCD /* TestResult.swift in Sources */ = {isa = PBXBuildFile; fileRef = 975A6D172387DDE60078AFCD /* TestResult.swift */; };
		975F99A423874BD600D626AA /* TabsViewController.swift in Sources */ = {isa = PBXBuildFile; fileRef = 975F99A323874BD600D626AA /* TabsViewController.swift */; };
		975F99A723874DB300D626AA /* TestViewController.swift in Sources */ = {isa = PBXBuildFile; fileRef = 975F99A623874DB300D626AA /* TestViewController.swift */; };
		97AF2C7C2385DDBD00B4C364 /* AppDelegate.swift in Sources */ = {isa = PBXBuildFile; fileRef = 97AF2C7B2385DDBD00B4C364 /* AppDelegate.swift */; };
		97AF2C7E2385DDBD00B4C364 /* SceneDelegate.swift in Sources */ = {isa = PBXBuildFile; fileRef = 97AF2C7D2385DDBD00B4C364 /* SceneDelegate.swift */; };
		97AF2C832385DDBD00B4C364 /* Main.storyboard in Resources */ = {isa = PBXBuildFile; fileRef = 97AF2C812385DDBD00B4C364 /* Main.storyboard */; };
		97AF2C852385DDBF00B4C364 /* Assets.xcassets in Resources */ = {isa = PBXBuildFile; fileRef = 97AF2C842385DDBF00B4C364 /* Assets.xcassets */; };
		97AF2C882385DDBF00B4C364 /* LaunchScreen.storyboard in Resources */ = {isa = PBXBuildFile; fileRef = 97AF2C862385DDBF00B4C364 /* LaunchScreen.storyboard */; };
		97AF2C932385DDC000B4C364 /* HundredPushUpsTests.swift in Sources */ = {isa = PBXBuildFile; fileRef = 97AF2C922385DDC000B4C364 /* HundredPushUpsTests.swift */; };
		97AF2C9E2385DDC000B4C364 /* HundredPushUpsUITests.swift in Sources */ = {isa = PBXBuildFile; fileRef = 97AF2C9D2385DDC000B4C364 /* HundredPushUpsUITests.swift */; };
		A579652488BCE296BE91D5EA /* Pods_HundredPushUpsTests.framework in Frameworks */ = {isa = PBXBuildFile; fileRef = AFAC820CCDBABEC40FAC61B7 /* Pods_HundredPushUpsTests.framework */; };
		E243A3DDCB68DEC982E61183 /* Pods_HundredPushUps_HundredPushUpsUITests.framework in Frameworks */ = {isa = PBXBuildFile; fileRef = A817F2FA1E565086A0E21EBC /* Pods_HundredPushUps_HundredPushUpsUITests.framework */; };
/* End PBXBuildFile section */

/* Begin PBXContainerItemProxy section */
		97AF2C8F2385DDC000B4C364 /* PBXContainerItemProxy */ = {
			isa = PBXContainerItemProxy;
			containerPortal = 97AF2C702385DDBD00B4C364 /* Project object */;
			proxyType = 1;
			remoteGlobalIDString = 97AF2C772385DDBD00B4C364;
			remoteInfo = HundredPushUps;
		};
		97AF2C9A2385DDC000B4C364 /* PBXContainerItemProxy */ = {
			isa = PBXContainerItemProxy;
			containerPortal = 97AF2C702385DDBD00B4C364 /* Project object */;
			proxyType = 1;
			remoteGlobalIDString = 97AF2C772385DDBD00B4C364;
			remoteInfo = HundredPushUps;
		};
/* End PBXContainerItemProxy section */

/* Begin PBXFileReference section */
		2C6CE983B032F627F17CD80E /* Pods-HundredPushUps-HundredPushUpsUITests.debug.xcconfig */ = {isa = PBXFileReference; includeInIndex = 1; lastKnownFileType = text.xcconfig; name = "Pods-HundredPushUps-HundredPushUpsUITests.debug.xcconfig"; path = "Target Support Files/Pods-HundredPushUps-HundredPushUpsUITests/Pods-HundredPushUps-HundredPushUpsUITests.debug.xcconfig"; sourceTree = "<group>"; };
		87455CE3BD991BED7564897C /* Pods_HundredPushUps.framework */ = {isa = PBXFileReference; explicitFileType = wrapper.framework; includeInIndex = 0; path = Pods_HundredPushUps.framework; sourceTree = BUILT_PRODUCTS_DIR; };
		8994FAFE5F08631F8EAD95DE /* Pods-HundredPushUps-HundredPushUpsUITests.release.xcconfig */ = {isa = PBXFileReference; includeInIndex = 1; lastKnownFileType = text.xcconfig; name = "Pods-HundredPushUps-HundredPushUpsUITests.release.xcconfig"; path = "Target Support Files/Pods-HundredPushUps-HundredPushUpsUITests/Pods-HundredPushUps-HundredPushUpsUITests.release.xcconfig"; sourceTree = "<group>"; };
		9143213CD1B60E0657AAE635 /* Pods-HundredPushUpsTests.release.xcconfig */ = {isa = PBXFileReference; includeInIndex = 1; lastKnownFileType = text.xcconfig; name = "Pods-HundredPushUpsTests.release.xcconfig"; path = "Target Support Files/Pods-HundredPushUpsTests/Pods-HundredPushUpsTests.release.xcconfig"; sourceTree = "<group>"; };
		964FA6DE0971C288ADF44FF4 /* Pods-HundredPushUps.release.xcconfig */ = {isa = PBXFileReference; includeInIndex = 1; lastKnownFileType = text.xcconfig; name = "Pods-HundredPushUps.release.xcconfig"; path = "Target Support Files/Pods-HundredPushUps/Pods-HundredPushUps.release.xcconfig"; sourceTree = "<group>"; };
		97579E8C23867F7A00470CF7 /* TodayViewController.swift */ = {isa = PBXFileReference; lastKnownFileType = sourcecode.swift; path = TodayViewController.swift; sourceTree = "<group>"; };
		97579E8E23867FC300470CF7 /* HistoryViewController.swift */ = {isa = PBXFileReference; lastKnownFileType = sourcecode.swift; path = HistoryViewController.swift; sourceTree = "<group>"; };
		97579E9023867FF400470CF7 /* InstructionsViewController.swift */ = {isa = PBXFileReference; lastKnownFileType = sourcecode.swift; path = InstructionsViewController.swift; sourceTree = "<group>"; };
		975A6D132387D61B0078AFCD /* ProgressService.swift */ = {isa = PBXFileReference; lastKnownFileType = sourcecode.swift; path = ProgressService.swift; sourceTree = "<group>"; };
		975A6D152387D6820078AFCD /* ServiceLocator.swift */ = {isa = PBXFileReference; lastKnownFileType = sourcecode.swift; path = ServiceLocator.swift; sourceTree = "<group>"; };
		975A6D172387DDE60078AFCD /* TestResult.swift */ = {isa = PBXFileReference; lastKnownFileType = sourcecode.swift; path = TestResult.swift; sourceTree = "<group>"; };
		975F99A323874BD600D626AA /* TabsViewController.swift */ = {isa = PBXFileReference; lastKnownFileType = sourcecode.swift; path = TabsViewController.swift; sourceTree = "<group>"; };
		975F99A623874DB300D626AA /* TestViewController.swift */ = {isa = PBXFileReference; lastKnownFileType = sourcecode.swift; path = TestViewController.swift; sourceTree = "<group>"; };
		97AF2C782385DDBD00B4C364 /* HundredPushUps.app */ = {isa = PBXFileReference; explicitFileType = wrapper.application; includeInIndex = 0; path = HundredPushUps.app; sourceTree = BUILT_PRODUCTS_DIR; };
		97AF2C7B2385DDBD00B4C364 /* AppDelegate.swift */ = {isa = PBXFileReference; lastKnownFileType = sourcecode.swift; path = AppDelegate.swift; sourceTree = "<group>"; };
		97AF2C7D2385DDBD00B4C364 /* SceneDelegate.swift */ = {isa = PBXFileReference; lastKnownFileType = sourcecode.swift; path = SceneDelegate.swift; sourceTree = "<group>"; };
		97AF2C822385DDBD00B4C364 /* Base */ = {isa = PBXFileReference; lastKnownFileType = file.storyboard; name = Base; path = Base.lproj/Main.storyboard; sourceTree = "<group>"; };
		97AF2C842385DDBF00B4C364 /* Assets.xcassets */ = {isa = PBXFileReference; lastKnownFileType = folder.assetcatalog; path = Assets.xcassets; sourceTree = "<group>"; };
		97AF2C872385DDBF00B4C364 /* Base */ = {isa = PBXFileReference; lastKnownFileType = file.storyboard; name = Base; path = Base.lproj/LaunchScreen.storyboard; sourceTree = "<group>"; };
		97AF2C892385DDBF00B4C364 /* Info.plist */ = {isa = PBXFileReference; lastKnownFileType = text.plist.xml; path = Info.plist; sourceTree = "<group>"; };
		97AF2C8E2385DDC000B4C364 /* HundredPushUpsTests.xctest */ = {isa = PBXFileReference; explicitFileType = wrapper.cfbundle; includeInIndex = 0; path = HundredPushUpsTests.xctest; sourceTree = BUILT_PRODUCTS_DIR; };
		97AF2C922385DDC000B4C364 /* HundredPushUpsTests.swift */ = {isa = PBXFileReference; lastKnownFileType = sourcecode.swift; path = HundredPushUpsTests.swift; sourceTree = "<group>"; };
		97AF2C942385DDC000B4C364 /* Info.plist */ = {isa = PBXFileReference; lastKnownFileType = text.plist.xml; path = Info.plist; sourceTree = "<group>"; };
		97AF2C992385DDC000B4C364 /* HundredPushUpsUITests.xctest */ = {isa = PBXFileReference; explicitFileType = wrapper.cfbundle; includeInIndex = 0; path = HundredPushUpsUITests.xctest; sourceTree = BUILT_PRODUCTS_DIR; };
		97AF2C9D2385DDC000B4C364 /* HundredPushUpsUITests.swift */ = {isa = PBXFileReference; lastKnownFileType = sourcecode.swift; path = HundredPushUpsUITests.swift; sourceTree = "<group>"; };
		97AF2C9F2385DDC000B4C364 /* Info.plist */ = {isa = PBXFileReference; lastKnownFileType = text.plist.xml; path = Info.plist; sourceTree = "<group>"; };
		A817F2FA1E565086A0E21EBC /* Pods_HundredPushUps_HundredPushUpsUITests.framework */ = {isa = PBXFileReference; explicitFileType = wrapper.framework; includeInIndex = 0; path = Pods_HundredPushUps_HundredPushUpsUITests.framework; sourceTree = BUILT_PRODUCTS_DIR; };
		AB4AD058BACADB1193E15220 /* Pods-HundredPushUps.debug.xcconfig */ = {isa = PBXFileReference; includeInIndex = 1; lastKnownFileType = text.xcconfig; name = "Pods-HundredPushUps.debug.xcconfig"; path = "Target Support Files/Pods-HundredPushUps/Pods-HundredPushUps.debug.xcconfig"; sourceTree = "<group>"; };
		AFAC820CCDBABEC40FAC61B7 /* Pods_HundredPushUpsTests.framework */ = {isa = PBXFileReference; explicitFileType = wrapper.framework; includeInIndex = 0; path = Pods_HundredPushUpsTests.framework; sourceTree = BUILT_PRODUCTS_DIR; };
		D648536046CE44F2E8D728C9 /* Pods-HundredPushUpsTests.debug.xcconfig */ = {isa = PBXFileReference; includeInIndex = 1; lastKnownFileType = text.xcconfig; name = "Pods-HundredPushUpsTests.debug.xcconfig"; path = "Target Support Files/Pods-HundredPushUpsTests/Pods-HundredPushUpsTests.debug.xcconfig"; sourceTree = "<group>"; };
/* End PBXFileReference section */

/* Begin PBXFrameworksBuildPhase section */
		97AF2C752385DDBD00B4C364 /* Frameworks */ = {
			isa = PBXFrameworksBuildPhase;
			buildActionMask = 2147483647;
			files = (
				1A5A3DB864E35210E0D7D4C3 /* Pods_HundredPushUps.framework in Frameworks */,
			);
			runOnlyForDeploymentPostprocessing = 0;
		};
		97AF2C8B2385DDC000B4C364 /* Frameworks */ = {
			isa = PBXFrameworksBuildPhase;
			buildActionMask = 2147483647;
			files = (
				A579652488BCE296BE91D5EA /* Pods_HundredPushUpsTests.framework in Frameworks */,
			);
			runOnlyForDeploymentPostprocessing = 0;
		};
		97AF2C962385DDC000B4C364 /* Frameworks */ = {
			isa = PBXFrameworksBuildPhase;
			buildActionMask = 2147483647;
			files = (
				E243A3DDCB68DEC982E61183 /* Pods_HundredPushUps_HundredPushUpsUITests.framework in Frameworks */,
			);
			runOnlyForDeploymentPostprocessing = 0;
		};
/* End PBXFrameworksBuildPhase section */

/* Begin PBXGroup section */
		18D585FAAC33AD78DC4CEBD3 /* Pods */ = {
			isa = PBXGroup;
			children = (
				AB4AD058BACADB1193E15220 /* Pods-HundredPushUps.debug.xcconfig */,
				964FA6DE0971C288ADF44FF4 /* Pods-HundredPushUps.release.xcconfig */,
				2C6CE983B032F627F17CD80E /* Pods-HundredPushUps-HundredPushUpsUITests.debug.xcconfig */,
				8994FAFE5F08631F8EAD95DE /* Pods-HundredPushUps-HundredPushUpsUITests.release.xcconfig */,
				D648536046CE44F2E8D728C9 /* Pods-HundredPushUpsTests.debug.xcconfig */,
				9143213CD1B60E0657AAE635 /* Pods-HundredPushUpsTests.release.xcconfig */,
			);
			path = Pods;
			sourceTree = "<group>";
		};
		975A6D122387D5BD0078AFCD /* services */ = {
			isa = PBXGroup;
			children = (
				975A6D132387D61B0078AFCD /* ProgressService.swift */,
			);
			path = services;
			sourceTree = "<group>";
		};
		975F99A02387494400D626AA /* today */ = {
			isa = PBXGroup;
			children = (
				97579E8C23867F7A00470CF7 /* TodayViewController.swift */,
			);
			path = today;
			sourceTree = "<group>";
		};
		975F99A12387495A00D626AA /* history */ = {
			isa = PBXGroup;
			children = (
				97579E8E23867FC300470CF7 /* HistoryViewController.swift */,
			);
			path = history;
			sourceTree = "<group>";
		};
		975F99A22387498C00D626AA /* instructions */ = {
			isa = PBXGroup;
			children = (
				97579E9023867FF400470CF7 /* InstructionsViewController.swift */,
			);
			path = instructions;
			sourceTree = "<group>";
		};
		975F99A523874DA300D626AA /* test */ = {
			isa = PBXGroup;
			children = (
				975F99A623874DB300D626AA /* TestViewController.swift */,
				975A6D172387DDE60078AFCD /* TestResult.swift */,
			);
			path = test;
			sourceTree = "<group>";
		};
		97AF2C6F2385DDBD00B4C364 = {
			isa = PBXGroup;
			children = (
				97AF2C7A2385DDBD00B4C364 /* HundredPushUps */,
				97AF2C912385DDC000B4C364 /* HundredPushUpsTests */,
				97AF2C9C2385DDC000B4C364 /* HundredPushUpsUITests */,
				97AF2C792385DDBD00B4C364 /* Products */,
				18D585FAAC33AD78DC4CEBD3 /* Pods */,
				D42029B95CE292A0F42DFDBE /* Frameworks */,
			);
			sourceTree = "<group>";
		};
		97AF2C792385DDBD00B4C364 /* Products */ = {
			isa = PBXGroup;
			children = (
				97AF2C782385DDBD00B4C364 /* HundredPushUps.app */,
				97AF2C8E2385DDC000B4C364 /* HundredPushUpsTests.xctest */,
				97AF2C992385DDC000B4C364 /* HundredPushUpsUITests.xctest */,
			);
			name = Products;
			sourceTree = "<group>";
		};
		97AF2C7A2385DDBD00B4C364 /* HundredPushUps */ = {
			isa = PBXGroup;
			children = (
				975A6D122387D5BD0078AFCD /* services */,
				975F99A523874DA300D626AA /* test */,
				975F99A22387498C00D626AA /* instructions */,
				975F99A12387495A00D626AA /* history */,
				975F99A02387494400D626AA /* today */,
				97AF2C7B2385DDBD00B4C364 /* AppDelegate.swift */,
				97AF2C7D2385DDBD00B4C364 /* SceneDelegate.swift */,
				97AF2C812385DDBD00B4C364 /* Main.storyboard */,
				97AF2C842385DDBF00B4C364 /* Assets.xcassets */,
				97AF2C862385DDBF00B4C364 /* LaunchScreen.storyboard */,
				97AF2C892385DDBF00B4C364 /* Info.plist */,
				975F99A323874BD600D626AA /* TabsViewController.swift */,
				975A6D152387D6820078AFCD /* ServiceLocator.swift */,
			);
			path = HundredPushUps;
			sourceTree = "<group>";
		};
		97AF2C912385DDC000B4C364 /* HundredPushUpsTests */ = {
			isa = PBXGroup;
			children = (
				97AF2C922385DDC000B4C364 /* HundredPushUpsTests.swift */,
				97AF2C942385DDC000B4C364 /* Info.plist */,
			);
			path = HundredPushUpsTests;
			sourceTree = "<group>";
		};
		97AF2C9C2385DDC000B4C364 /* HundredPushUpsUITests */ = {
			isa = PBXGroup;
			children = (
				97AF2C9D2385DDC000B4C364 /* HundredPushUpsUITests.swift */,
				97AF2C9F2385DDC000B4C364 /* Info.plist */,
			);
			path = HundredPushUpsUITests;
			sourceTree = "<group>";
		};
		D42029B95CE292A0F42DFDBE /* Frameworks */ = {
			isa = PBXGroup;
			children = (
				87455CE3BD991BED7564897C /* Pods_HundredPushUps.framework */,
				A817F2FA1E565086A0E21EBC /* Pods_HundredPushUps_HundredPushUpsUITests.framework */,
				AFAC820CCDBABEC40FAC61B7 /* Pods_HundredPushUpsTests.framework */,
			);
			name = Frameworks;
			sourceTree = "<group>";
		};
/* End PBXGroup section */

/* Begin PBXNativeTarget section */
		97AF2C772385DDBD00B4C364 /* HundredPushUps */ = {
			isa = PBXNativeTarget;
			buildConfigurationList = 97AF2CA22385DDC000B4C364 /* Build configuration list for PBXNativeTarget "HundredPushUps" */;
			buildPhases = (
				269BAAEDFF45DA539EEFFE10 /* [CP] Check Pods Manifest.lock */,
				97AF2C742385DDBD00B4C364 /* Sources */,
				97AF2C752385DDBD00B4C364 /* Frameworks */,
				97AF2C762385DDBD00B4C364 /* Resources */,
				F2D34CAEDB7A5410C925DD8C /* [CP] Embed Pods Frameworks */,
			);
			buildRules = (
			);
			dependencies = (
			);
			name = HundredPushUps;
			productName = HundredPushUps;
			productReference = 97AF2C782385DDBD00B4C364 /* HundredPushUps.app */;
			productType = "com.apple.product-type.application";
		};
		97AF2C8D2385DDC000B4C364 /* HundredPushUpsTests */ = {
			isa = PBXNativeTarget;
			buildConfigurationList = 97AF2CA52385DDC000B4C364 /* Build configuration list for PBXNativeTarget "HundredPushUpsTests" */;
			buildPhases = (
				03EA90B11C12F30097231953 /* [CP] Check Pods Manifest.lock */,
				97AF2C8A2385DDC000B4C364 /* Sources */,
				97AF2C8B2385DDC000B4C364 /* Frameworks */,
				97AF2C8C2385DDC000B4C364 /* Resources */,
			);
			buildRules = (
			);
			dependencies = (
				97AF2C902385DDC000B4C364 /* PBXTargetDependency */,
			);
			name = HundredPushUpsTests;
			productName = HundredPushUpsTests;
			productReference = 97AF2C8E2385DDC000B4C364 /* HundredPushUpsTests.xctest */;
			productType = "com.apple.product-type.bundle.unit-test";
		};
		97AF2C982385DDC000B4C364 /* HundredPushUpsUITests */ = {
			isa = PBXNativeTarget;
			buildConfigurationList = 97AF2CA82385DDC000B4C364 /* Build configuration list for PBXNativeTarget "HundredPushUpsUITests" */;
			buildPhases = (
				EEBD0E7CBD097E75F2DFEBDA /* [CP] Check Pods Manifest.lock */,
				97AF2C952385DDC000B4C364 /* Sources */,
				97AF2C962385DDC000B4C364 /* Frameworks */,
				97AF2C972385DDC000B4C364 /* Resources */,
				6037407D3975CA939B67A9FF /* [CP] Embed Pods Frameworks */,
			);
			buildRules = (
			);
			dependencies = (
				97AF2C9B2385DDC000B4C364 /* PBXTargetDependency */,
			);
			name = HundredPushUpsUITests;
			productName = HundredPushUpsUITests;
			productReference = 97AF2C992385DDC000B4C364 /* HundredPushUpsUITests.xctest */;
			productType = "com.apple.product-type.bundle.ui-testing";
		};
/* End PBXNativeTarget section */

/* Begin PBXProject section */
		97AF2C702385DDBD00B4C364 /* Project object */ = {
			isa = PBXProject;
			attributes = {
				LastSwiftUpdateCheck = 1120;
				LastUpgradeCheck = 1120;
				ORGANIZATIONNAME = "Murzin Mikhail";
				TargetAttributes = {
					97AF2C772385DDBD00B4C364 = {
						CreatedOnToolsVersion = 11.2.1;
					};
					97AF2C8D2385DDC000B4C364 = {
						CreatedOnToolsVersion = 11.2.1;
						TestTargetID = 97AF2C772385DDBD00B4C364;
					};
					97AF2C982385DDC000B4C364 = {
						CreatedOnToolsVersion = 11.2.1;
						TestTargetID = 97AF2C772385DDBD00B4C364;
					};
				};
			};
			buildConfigurationList = 97AF2C732385DDBD00B4C364 /* Build configuration list for PBXProject "HundredPushUps" */;
			compatibilityVersion = "Xcode 9.3";
			developmentRegion = en;
			hasScannedForEncodings = 0;
			knownRegions = (
				en,
				Base,
			);
			mainGroup = 97AF2C6F2385DDBD00B4C364;
			productRefGroup = 97AF2C792385DDBD00B4C364 /* Products */;
			projectDirPath = "";
			projectRoot = "";
			targets = (
				97AF2C772385DDBD00B4C364 /* HundredPushUps */,
				97AF2C8D2385DDC000B4C364 /* HundredPushUpsTests */,
				97AF2C982385DDC000B4C364 /* HundredPushUpsUITests */,
			);
		};
/* End PBXProject section */

/* Begin PBXResourcesBuildPhase section */
		97AF2C762385DDBD00B4C364 /* Resources */ = {
			isa = PBXResourcesBuildPhase;
			buildActionMask = 2147483647;
			files = (
				97AF2C882385DDBF00B4C364 /* LaunchScreen.storyboard in Resources */,
				97AF2C852385DDBF00B4C364 /* Assets.xcassets in Resources */,
				97AF2C832385DDBD00B4C364 /* Main.storyboard in Resources */,
			);
			runOnlyForDeploymentPostprocessing = 0;
		};
		97AF2C8C2385DDC000B4C364 /* Resources */ = {
			isa = PBXResourcesBuildPhase;
			buildActionMask = 2147483647;
			files = (
			);
			runOnlyForDeploymentPostprocessing = 0;
		};
		97AF2C972385DDC000B4C364 /* Resources */ = {
			isa = PBXResourcesBuildPhase;
			buildActionMask = 2147483647;
			files = (
			);
			runOnlyForDeploymentPostprocessing = 0;
		};
/* End PBXResourcesBuildPhase section */

/* Begin PBXShellScriptBuildPhase section */
		03EA90B11C12F30097231953 /* [CP] Check Pods Manifest.lock */ = {
			isa = PBXShellScriptBuildPhase;
			buildActionMask = 2147483647;
			files = (
			);
			inputFileListPaths = (
			);
			inputPaths = (
				"${PODS_PODFILE_DIR_PATH}/Podfile.lock",
				"${PODS_ROOT}/Manifest.lock",
			);
			name = "[CP] Check Pods Manifest.lock";
			outputFileListPaths = (
			);
			outputPaths = (
				"$(DERIVED_FILE_DIR)/Pods-HundredPushUpsTests-checkManifestLockResult.txt",
			);
			runOnlyForDeploymentPostprocessing = 0;
			shellPath = /bin/sh;
			shellScript = "diff \"${PODS_PODFILE_DIR_PATH}/Podfile.lock\" \"${PODS_ROOT}/Manifest.lock\" > /dev/null\nif [ $? != 0 ] ; then\n    # print error to STDERR\n    echo \"error: The sandbox is not in sync with the Podfile.lock. Run 'pod install' or update your CocoaPods installation.\" >&2\n    exit 1\nfi\n# This output is used by Xcode 'outputs' to avoid re-running this script phase.\necho \"SUCCESS\" > \"${SCRIPT_OUTPUT_FILE_0}\"\n";
			showEnvVarsInLog = 0;
		};
		269BAAEDFF45DA539EEFFE10 /* [CP] Check Pods Manifest.lock */ = {
			isa = PBXShellScriptBuildPhase;
			buildActionMask = 2147483647;
			files = (
			);
			inputFileListPaths = (
			);
			inputPaths = (
				"${PODS_PODFILE_DIR_PATH}/Podfile.lock",
				"${PODS_ROOT}/Manifest.lock",
			);
			name = "[CP] Check Pods Manifest.lock";
			outputFileListPaths = (
			);
			outputPaths = (
				"$(DERIVED_FILE_DIR)/Pods-HundredPushUps-checkManifestLockResult.txt",
			);
			runOnlyForDeploymentPostprocessing = 0;
			shellPath = /bin/sh;
			shellScript = "diff \"${PODS_PODFILE_DIR_PATH}/Podfile.lock\" \"${PODS_ROOT}/Manifest.lock\" > /dev/null\nif [ $? != 0 ] ; then\n    # print error to STDERR\n    echo \"error: The sandbox is not in sync with the Podfile.lock. Run 'pod install' or update your CocoaPods installation.\" >&2\n    exit 1\nfi\n# This output is used by Xcode 'outputs' to avoid re-running this script phase.\necho \"SUCCESS\" > \"${SCRIPT_OUTPUT_FILE_0}\"\n";
			showEnvVarsInLog = 0;
		};
		6037407D3975CA939B67A9FF /* [CP] Embed Pods Frameworks */ = {
			isa = PBXShellScriptBuildPhase;
			buildActionMask = 2147483647;
			files = (
			);
			inputFileListPaths = (
				"${PODS_ROOT}/Target Support Files/Pods-HundredPushUps-HundredPushUpsUITests/Pods-HundredPushUps-HundredPushUpsUITests-frameworks-${CONFIGURATION}-input-files.xcfilelist",
			);
			name = "[CP] Embed Pods Frameworks";
			outputFileListPaths = (
				"${PODS_ROOT}/Target Support Files/Pods-HundredPushUps-HundredPushUpsUITests/Pods-HundredPushUps-HundredPushUpsUITests-frameworks-${CONFIGURATION}-output-files.xcfilelist",
			);
			runOnlyForDeploymentPostprocessing = 0;
			shellPath = /bin/sh;
			shellScript = "\"${PODS_ROOT}/Target Support Files/Pods-HundredPushUps-HundredPushUpsUITests/Pods-HundredPushUps-HundredPushUpsUITests-frameworks.sh\"\n";
			showEnvVarsInLog = 0;
		};
		EEBD0E7CBD097E75F2DFEBDA /* [CP] Check Pods Manifest.lock */ = {
			isa = PBXShellScriptBuildPhase;
			buildActionMask = 2147483647;
			files = (
			);
			inputFileListPaths = (
			);
			inputPaths = (
				"${PODS_PODFILE_DIR_PATH}/Podfile.lock",
				"${PODS_ROOT}/Manifest.lock",
			);
			name = "[CP] Check Pods Manifest.lock";
			outputFileListPaths = (
			);
			outputPaths = (
				"$(DERIVED_FILE_DIR)/Pods-HundredPushUps-HundredPushUpsUITests-checkManifestLockResult.txt",
			);
			runOnlyForDeploymentPostprocessing = 0;
			shellPath = /bin/sh;
			shellScript = "diff \"${PODS_PODFILE_DIR_PATH}/Podfile.lock\" \"${PODS_ROOT}/Manifest.lock\" > /dev/null\nif [ $? != 0 ] ; then\n    # print error to STDERR\n    echo \"error: The sandbox is not in sync with the Podfile.lock. Run 'pod install' or update your CocoaPods installation.\" >&2\n    exit 1\nfi\n# This output is used by Xcode 'outputs' to avoid re-running this script phase.\necho \"SUCCESS\" > \"${SCRIPT_OUTPUT_FILE_0}\"\n";
			showEnvVarsInLog = 0;
		};
		F2D34CAEDB7A5410C925DD8C /* [CP] Embed Pods Frameworks */ = {
			isa = PBXShellScriptBuildPhase;
			buildActionMask = 2147483647;
			files = (
			);
			inputFileListPaths = (
				"${PODS_ROOT}/Target Support Files/Pods-HundredPushUps/Pods-HundredPushUps-frameworks-${CONFIGURATION}-input-files.xcfilelist",
			);
			name = "[CP] Embed Pods Frameworks";
			outputFileListPaths = (
				"${PODS_ROOT}/Target Support Files/Pods-HundredPushUps/Pods-HundredPushUps-frameworks-${CONFIGURATION}-output-files.xcfilelist",
			);
			runOnlyForDeploymentPostprocessing = 0;
			shellPath = /bin/sh;
			shellScript = "\"${PODS_ROOT}/Target Support Files/Pods-HundredPushUps/Pods-HundredPushUps-frameworks.sh\"\n";
			showEnvVarsInLog = 0;
		};
/* End PBXShellScriptBuildPhase section */

/* Begin PBXSourcesBuildPhase section */
		97AF2C742385DDBD00B4C364 /* Sources */ = {
			isa = PBXSourcesBuildPhase;
			buildActionMask = 2147483647;
			files = (
				975A6D182387DDE60078AFCD /* TestResult.swift in Sources */,
				975A6D162387D6820078AFCD /* ServiceLocator.swift in Sources */,
				975F99A723874DB300D626AA /* TestViewController.swift in Sources */,
				97AF2C7C2385DDBD00B4C364 /* AppDelegate.swift in Sources */,
				97AF2C7E2385DDBD00B4C364 /* SceneDelegate.swift in Sources */,
				975F99A423874BD600D626AA /* TabsViewController.swift in Sources */,
				97579E8D23867F7A00470CF7 /* TodayViewController.swift in Sources */,
				97579E8F23867FC300470CF7 /* HistoryViewController.swift in Sources */,
				975A6D142387D61B0078AFCD /* ProgressService.swift in Sources */,
				97579E9123867FF400470CF7 /* InstructionsViewController.swift in Sources */,
			);
			runOnlyForDeploymentPostprocessing = 0;
		};
		97AF2C8A2385DDC000B4C364 /* Sources */ = {
			isa = PBXSourcesBuildPhase;
			buildActionMask = 2147483647;
			files = (
				97AF2C932385DDC000B4C364 /* HundredPushUpsTests.swift in Sources */,
			);
			runOnlyForDeploymentPostprocessing = 0;
		};
		97AF2C952385DDC000B4C364 /* Sources */ = {
			isa = PBXSourcesBuildPhase;
			buildActionMask = 2147483647;
			files = (
				97AF2C9E2385DDC000B4C364 /* HundredPushUpsUITests.swift in Sources */,
			);
			runOnlyForDeploymentPostprocessing = 0;
		};
/* End PBXSourcesBuildPhase section */

/* Begin PBXTargetDependency section */
		97AF2C902385DDC000B4C364 /* PBXTargetDependency */ = {
			isa = PBXTargetDependency;
			target = 97AF2C772385DDBD00B4C364 /* HundredPushUps */;
			targetProxy = 97AF2C8F2385DDC000B4C364 /* PBXContainerItemProxy */;
		};
		97AF2C9B2385DDC000B4C364 /* PBXTargetDependency */ = {
			isa = PBXTargetDependency;
			target = 97AF2C772385DDBD00B4C364 /* HundredPushUps */;
			targetProxy = 97AF2C9A2385DDC000B4C364 /* PBXContainerItemProxy */;
		};
/* End PBXTargetDependency section */

/* Begin PBXVariantGroup section */
		97AF2C812385DDBD00B4C364 /* Main.storyboard */ = {
			isa = PBXVariantGroup;
			children = (
				97AF2C822385DDBD00B4C364 /* Base */,
			);
			name = Main.storyboard;
			sourceTree = "<group>";
		};
		97AF2C862385DDBF00B4C364 /* LaunchScreen.storyboard */ = {
			isa = PBXVariantGroup;
			children = (
				97AF2C872385DDBF00B4C364 /* Base */,
			);
			name = LaunchScreen.storyboard;
			sourceTree = "<group>";
		};
/* End PBXVariantGroup section */

/* Begin XCBuildConfiguration section */
		97AF2CA02385DDC000B4C364 /* Debug */ = {
			isa = XCBuildConfiguration;
			buildSettings = {
				ALWAYS_SEARCH_USER_PATHS = NO;
				CLANG_ANALYZER_NONNULL = YES;
				CLANG_ANALYZER_NUMBER_OBJECT_CONVERSION = YES_AGGRESSIVE;
				CLANG_CXX_LANGUAGE_STANDARD = "gnu++14";
				CLANG_CXX_LIBRARY = "libc++";
				CLANG_ENABLE_MODULES = YES;
				CLANG_ENABLE_OBJC_ARC = YES;
				CLANG_ENABLE_OBJC_WEAK = YES;
				CLANG_WARN_BLOCK_CAPTURE_AUTORELEASING = YES;
				CLANG_WARN_BOOL_CONVERSION = YES;
				CLANG_WARN_COMMA = YES;
				CLANG_WARN_CONSTANT_CONVERSION = YES;
				CLANG_WARN_DEPRECATED_OBJC_IMPLEMENTATIONS = YES;
				CLANG_WARN_DIRECT_OBJC_ISA_USAGE = YES_ERROR;
				CLANG_WARN_DOCUMENTATION_COMMENTS = YES;
				CLANG_WARN_EMPTY_BODY = YES;
				CLANG_WARN_ENUM_CONVERSION = YES;
				CLANG_WARN_INFINITE_RECURSION = YES;
				CLANG_WARN_INT_CONVERSION = YES;
				CLANG_WARN_NON_LITERAL_NULL_CONVERSION = YES;
				CLANG_WARN_OBJC_IMPLICIT_RETAIN_SELF = YES;
				CLANG_WARN_OBJC_LITERAL_CONVERSION = YES;
				CLANG_WARN_OBJC_ROOT_CLASS = YES_ERROR;
				CLANG_WARN_RANGE_LOOP_ANALYSIS = YES;
				CLANG_WARN_STRICT_PROTOTYPES = YES;
				CLANG_WARN_SUSPICIOUS_MOVE = YES;
				CLANG_WARN_UNGUARDED_AVAILABILITY = YES_AGGRESSIVE;
				CLANG_WARN_UNREACHABLE_CODE = YES;
				CLANG_WARN__DUPLICATE_METHOD_MATCH = YES;
				COPY_PHASE_STRIP = NO;
				DEBUG_INFORMATION_FORMAT = dwarf;
				ENABLE_STRICT_OBJC_MSGSEND = YES;
				ENABLE_TESTABILITY = YES;
				GCC_C_LANGUAGE_STANDARD = gnu11;
				GCC_DYNAMIC_NO_PIC = NO;
				GCC_NO_COMMON_BLOCKS = YES;
				GCC_OPTIMIZATION_LEVEL = 0;
				GCC_PREPROCESSOR_DEFINITIONS = (
					"DEBUG=1",
					"$(inherited)",
				);
				GCC_WARN_64_TO_32_BIT_CONVERSION = YES;
				GCC_WARN_ABOUT_RETURN_TYPE = YES_ERROR;
				GCC_WARN_UNDECLARED_SELECTOR = YES;
				GCC_WARN_UNINITIALIZED_AUTOS = YES_AGGRESSIVE;
				GCC_WARN_UNUSED_FUNCTION = YES;
				GCC_WARN_UNUSED_VARIABLE = YES;
				IPHONEOS_DEPLOYMENT_TARGET = 13.2;
				MTL_ENABLE_DEBUG_INFO = INCLUDE_SOURCE;
				MTL_FAST_MATH = YES;
				ONLY_ACTIVE_ARCH = YES;
				SDKROOT = iphoneos;
				SWIFT_ACTIVE_COMPILATION_CONDITIONS = DEBUG;
				SWIFT_OPTIMIZATION_LEVEL = "-Onone";
			};
			name = Debug;
		};
		97AF2CA12385DDC000B4C364 /* Release */ = {
			isa = XCBuildConfiguration;
			buildSettings = {
				ALWAYS_SEARCH_USER_PATHS = NO;
				CLANG_ANALYZER_NONNULL = YES;
				CLANG_ANALYZER_NUMBER_OBJECT_CONVERSION = YES_AGGRESSIVE;
				CLANG_CXX_LANGUAGE_STANDARD = "gnu++14";
				CLANG_CXX_LIBRARY = "libc++";
				CLANG_ENABLE_MODULES = YES;
				CLANG_ENABLE_OBJC_ARC = YES;
				CLANG_ENABLE_OBJC_WEAK = YES;
				CLANG_WARN_BLOCK_CAPTURE_AUTORELEASING = YES;
				CLANG_WARN_BOOL_CONVERSION = YES;
				CLANG_WARN_COMMA = YES;
				CLANG_WARN_CONSTANT_CONVERSION = YES;
				CLANG_WARN_DEPRECATED_OBJC_IMPLEMENTATIONS = YES;
				CLANG_WARN_DIRECT_OBJC_ISA_USAGE = YES_ERROR;
				CLANG_WARN_DOCUMENTATION_COMMENTS = YES;
				CLANG_WARN_EMPTY_BODY = YES;
				CLANG_WARN_ENUM_CONVERSION = YES;
				CLANG_WARN_INFINITE_RECURSION = YES;
				CLANG_WARN_INT_CONVERSION = YES;
				CLANG_WARN_NON_LITERAL_NULL_CONVERSION = YES;
				CLANG_WARN_OBJC_IMPLICIT_RETAIN_SELF = YES;
				CLANG_WARN_OBJC_LITERAL_CONVERSION = YES;
				CLANG_WARN_OBJC_ROOT_CLASS = YES_ERROR;
				CLANG_WARN_RANGE_LOOP_ANALYSIS = YES;
				CLANG_WARN_STRICT_PROTOTYPES = YES;
				CLANG_WARN_SUSPICIOUS_MOVE = YES;
				CLANG_WARN_UNGUARDED_AVAILABILITY = YES_AGGRESSIVE;
				CLANG_WARN_UNREACHABLE_CODE = YES;
				CLANG_WARN__DUPLICATE_METHOD_MATCH = YES;
				COPY_PHASE_STRIP = NO;
				DEBUG_INFORMATION_FORMAT = "dwarf-with-dsym";
				ENABLE_NS_ASSERTIONS = NO;
				ENABLE_STRICT_OBJC_MSGSEND = YES;
				GCC_C_LANGUAGE_STANDARD = gnu11;
				GCC_NO_COMMON_BLOCKS = YES;
				GCC_WARN_64_TO_32_BIT_CONVERSION = YES;
				GCC_WARN_ABOUT_RETURN_TYPE = YES_ERROR;
				GCC_WARN_UNDECLARED_SELECTOR = YES;
				GCC_WARN_UNINITIALIZED_AUTOS = YES_AGGRESSIVE;
				GCC_WARN_UNUSED_FUNCTION = YES;
				GCC_WARN_UNUSED_VARIABLE = YES;
				IPHONEOS_DEPLOYMENT_TARGET = 13.2;
				MTL_ENABLE_DEBUG_INFO = NO;
				MTL_FAST_MATH = YES;
				SDKROOT = iphoneos;
				SWIFT_COMPILATION_MODE = wholemodule;
				SWIFT_OPTIMIZATION_LEVEL = "-O";
				VALIDATE_PRODUCT = YES;
			};
			name = Release;
		};
		97AF2CA32385DDC000B4C364 /* Debug */ = {
			isa = XCBuildConfiguration;
			baseConfigurationReference = AB4AD058BACADB1193E15220 /* Pods-HundredPushUps.debug.xcconfig */;
			buildSettings = {
				ASSETCATALOG_COMPILER_APPICON_NAME = AppIcon;
				CODE_SIGN_STYLE = Automatic;
				DEVELOPMENT_TEAM = WCJQUDLZQ8;
				INFOPLIST_FILE = HundredPushUps/Info.plist;
				LD_RUNPATH_SEARCH_PATHS = (
					"$(inherited)",
					"@executable_path/Frameworks",
				);
				PRODUCT_BUNDLE_IDENTIFIER = ru.mmurzin.hundred.pushups;
				PRODUCT_NAME = "$(TARGET_NAME)";
				SWIFT_VERSION = 5.0;
				TARGETED_DEVICE_FAMILY = "1,2";
			};
			name = Debug;
		};
		97AF2CA42385DDC000B4C364 /* Release */ = {
			isa = XCBuildConfiguration;
			baseConfigurationReference = 964FA6DE0971C288ADF44FF4 /* Pods-HundredPushUps.release.xcconfig */;
			buildSettings = {
				ASSETCATALOG_COMPILER_APPICON_NAME = AppIcon;
				CODE_SIGN_STYLE = Automatic;
				DEVELOPMENT_TEAM = WCJQUDLZQ8;
				INFOPLIST_FILE = HundredPushUps/Info.plist;
				LD_RUNPATH_SEARCH_PATHS = (
					"$(inherited)",
					"@executable_path/Frameworks",
				);
				PRODUCT_BUNDLE_IDENTIFIER = ru.mmurzin.hundred.pushups;
				PRODUCT_NAME = "$(TARGET_NAME)";
				SWIFT_VERSION = 5.0;
				TARGETED_DEVICE_FAMILY = "1,2";
			};
			name = Release;
		};
		97AF2CA62385DDC000B4C364 /* Debug */ = {
			isa = XCBuildConfiguration;
			baseConfigurationReference = D648536046CE44F2E8D728C9 /* Pods-HundredPushUpsTests.debug.xcconfig */;
			buildSettings = {
				ALWAYS_EMBED_SWIFT_STANDARD_LIBRARIES = YES;
				BUNDLE_LOADER = "$(TEST_HOST)";
				CODE_SIGN_STYLE = Automatic;
				INFOPLIST_FILE = HundredPushUpsTests/Info.plist;
				IPHONEOS_DEPLOYMENT_TARGET = 13.2;
				LD_RUNPATH_SEARCH_PATHS = (
					"$(inherited)",
					"@executable_path/Frameworks",
					"@loader_path/Frameworks",
				);
				PRODUCT_BUNDLE_IDENTIFIER = ru.mmurzin.HundredPushUpsTests;
				PRODUCT_NAME = "$(TARGET_NAME)";
				SWIFT_VERSION = 5.0;
				TARGETED_DEVICE_FAMILY = "1,2";
				TEST_HOST = "$(BUILT_PRODUCTS_DIR)/HundredPushUps.app/HundredPushUps";
			};
			name = Debug;
		};
		97AF2CA72385DDC000B4C364 /* Release */ = {
			isa = XCBuildConfiguration;
			baseConfigurationReference = 9143213CD1B60E0657AAE635 /* Pods-HundredPushUpsTests.release.xcconfig */;
			buildSettings = {
				ALWAYS_EMBED_SWIFT_STANDARD_LIBRARIES = YES;
				BUNDLE_LOADER = "$(TEST_HOST)";
				CODE_SIGN_STYLE = Automatic;
				INFOPLIST_FILE = HundredPushUpsTests/Info.plist;
				IPHONEOS_DEPLOYMENT_TARGET = 13.2;
				LD_RUNPATH_SEARCH_PATHS = (
					"$(inherited)",
					"@executable_path/Frameworks",
					"@loader_path/Frameworks",
				);
				PRODUCT_BUNDLE_IDENTIFIER = ru.mmurzin.HundredPushUpsTests;
				PRODUCT_NAME = "$(TARGET_NAME)";
				SWIFT_VERSION = 5.0;
				TARGETED_DEVICE_FAMILY = "1,2";
				TEST_HOST = "$(BUILT_PRODUCTS_DIR)/HundredPushUps.app/HundredPushUps";
			};
			name = Release;
		};
		97AF2CA92385DDC000B4C364 /* Debug */ = {
			isa = XCBuildConfiguration;
			baseConfigurationReference = 2C6CE983B032F627F17CD80E /* Pods-HundredPushUps-HundredPushUpsUITests.debug.xcconfig */;
			buildSettings = {
				ALWAYS_EMBED_SWIFT_STANDARD_LIBRARIES = YES;
				CODE_SIGN_STYLE = Automatic;
				INFOPLIST_FILE = HundredPushUpsUITests/Info.plist;
				LD_RUNPATH_SEARCH_PATHS = (
					"$(inherited)",
					"@executable_path/Frameworks",
					"@loader_path/Frameworks",
				);
				PRODUCT_BUNDLE_IDENTIFIER = ru.mmurzin.HundredPushUpsUITests;
				PRODUCT_NAME = "$(TARGET_NAME)";
				SWIFT_VERSION = 5.0;
				TARGETED_DEVICE_FAMILY = "1,2";
				TEST_TARGET_NAME = HundredPushUps;
			};
			name = Debug;
		};
		97AF2CAA2385DDC000B4C364 /* Release */ = {
			isa = XCBuildConfiguration;
			baseConfigurationReference = 8994FAFE5F08631F8EAD95DE /* Pods-HundredPushUps-HundredPushUpsUITests.release.xcconfig */;
			buildSettings = {
				ALWAYS_EMBED_SWIFT_STANDARD_LIBRARIES = YES;
				CODE_SIGN_STYLE = Automatic;
				INFOPLIST_FILE = HundredPushUpsUITests/Info.plist;
				LD_RUNPATH_SEARCH_PATHS = (
					"$(inherited)",
					"@executable_path/Frameworks",
					"@loader_path/Frameworks",
				);
				PRODUCT_BUNDLE_IDENTIFIER = ru.mmurzin.HundredPushUpsUITests;
				PRODUCT_NAME = "$(TARGET_NAME)";
				SWIFT_VERSION = 5.0;
				TARGETED_DEVICE_FAMILY = "1,2";
				TEST_TARGET_NAME = HundredPushUps;
			};
			name = Release;
		};
/* End XCBuildConfiguration section */

/* Begin XCConfigurationList section */
		97AF2C732385DDBD00B4C364 /* Build configuration list for PBXProject "HundredPushUps" */ = {
			isa = XCConfigurationList;
			buildConfigurations = (
				97AF2CA02385DDC000B4C364 /* Debug */,
				97AF2CA12385DDC000B4C364 /* Release */,
			);
			defaultConfigurationIsVisible = 0;
			defaultConfigurationName = Release;
		};
		97AF2CA22385DDC000B4C364 /* Build configuration list for PBXNativeTarget "HundredPushUps" */ = {
			isa = XCConfigurationList;
			buildConfigurations = (
				97AF2CA32385DDC000B4C364 /* Debug */,
				97AF2CA42385DDC000B4C364 /* Release */,
			);
			defaultConfigurationIsVisible = 0;
			defaultConfigurationName = Release;
		};
		97AF2CA52385DDC000B4C364 /* Build configuration list for PBXNativeTarget "HundredPushUpsTests" */ = {
			isa = XCConfigurationList;
			buildConfigurations = (
				97AF2CA62385DDC000B4C364 /* Debug */,
				97AF2CA72385DDC000B4C364 /* Release */,
			);
			defaultConfigurationIsVisible = 0;
			defaultConfigurationName = Release;
		};
		97AF2CA82385DDC000B4C364 /* Build configuration list for PBXNativeTarget "HundredPushUpsUITests" */ = {
			isa = XCConfigurationList;
			buildConfigurations = (
				97AF2CA92385DDC000B4C364 /* Debug */,
				97AF2CAA2385DDC000B4C364 /* Release */,
			);
			defaultConfigurationIsVisible = 0;
			defaultConfigurationName = Release;
		};
/* End XCConfigurationList section */
	};
	rootObject = 97AF2C702385DDBD00B4C364 /* Project object */;
}
